
Microsoft Visual Studio Solution File, Format Version 12.00
# Visual Studio Version 17
VisualStudioVersion = 17.14.36414.22
MinimumVisualStudioVersion = 10.0.40219.1
Project("{2150E333-8FDC-42A3-9474-1A3956D46DE8}") = "Task0", "Task0", "{02EA681E-C7D8-13C7-8484-4AC65E1B71E8}"
EndProject
Project("{FAE04EC0-301F-11D3-BF4B-00C04F79EFBC}") = "Tyuiu.chernyhim.Sprint1.Task0.V26.Test", "Tyuiu.chernyhim.Sprint1.Task0.V26.Test\Tyuiu.chernyhim.Sprint1.Task0.V26.Test.csproj", "{D56FB501-A647-4220-B3E0-3FF9B015DE3A}"
EndProject
Project("{FAE04EC0-301F-11D3-BF4B-00C04F79EFBC}") = "Tyuiu.chernyhim.Sprint1.Task0.V26.Lib", "Tyuiu.chernyhim.Sprint1.Task0.V26.Lib\Tyuiu.chernyhim.Sprint1.Task0.V26.Lib.csproj", "{276BF02B-C379-4526-82F2-CCA970168229}"
EndProject
Project("{FAE04EC0-301F-11D3-BF4B-00C04F79EFBC}") = "Tyuiu.chernyhim.Sprint1.Task0.V26", "Tyuiu.chernyhim.Sprint1.Task0.V26\Tyuiu.chernyhim.Sprint1.Task0.V26.csproj", "{A02060D4-AB46-48F4-AD04-0BA5B7069487}"
EndProject
Project("{2150E333-8FDC-42A3-9474-1A3956D46DE8}") = "Task1", "Task1", "{6C719829-A576-44E9-8C5A-F14D1656D47C}"
EndProject
Project("{FAE04EC0-301F-11D3-BF4B-00C04F79EFBC}") = "Tyuiu.chernyhim.Sprint1.Task1.V13", "Tyuiu.chernyhim.Sprint1.Task1.V13\Tyuiu.chernyhim.Sprint1.Task1.V13.csproj", "{C2C45F80-D94B-4201-ABCD-DDB43870F348}"
EndProject
Project("{FAE04EC0-301F-11D3-BF4B-00C04F79EFBC}") = "Tyuiu.chernyhim.Sprint1.Task1.V13.Lib", "Tyuiu.chernyhim.Sprint1.Task1.V13.Lib\Tyuiu.chernyhim.Sprint1.Task1.V13.Lib.csproj", "{A95E2B66-BF9F-40C5-82F2-437E60D7D4DA}"
EndProject
Project("{FAE04EC0-301F-11D3-BF4B-00C04F79EFBC}") = "Tyuiu.chernyhim.Sprint1.Task1.V13.Test", "Tyuiu.chernyhim.Sprint1.Task1.V13.Test\Tyuiu.chernyhim.Sprint1.Task1.V13.Test.csproj", "{FA902CFF-E62D-4138-92D5-A9818B0BFCF0}"
EndProject
Project("{2150E333-8FDC-42A3-9474-1A3956D46DE8}") = "Task2", "Task2", "{A76D990F-09DB-49FA-8DAE-39086D3C6963}"
EndProject
Project("{FAE04EC0-301F-11D3-BF4B-00C04F79EFBC}") = "Tyuiu.chernyhim.Sprint1.Task2.V7.Test", "Tyuiu.chernyhim.Sprint1.Task2.V7.Test\Tyuiu.chernyhim.Sprint1.Task2.V7.Test.csproj", "{91E884F4-DF6C-4202-A627-9C0D52DA26D7}"
EndProject
Project("{FAE04EC0-301F-11D3-BF4B-00C04F79EFBC}") = "Tyuiu.chernyhim.Sprint1.Task2.V7", "Tyuiu.chernyhim.Sprint1.Task2.V7\Tyuiu.chernyhim.Sprint1.Task2.V7.csproj", "{4B71F988-D6D2-4843-9DC1-3774D3A8E759}"
EndProject
Project("{FAE04EC0-301F-11D3-BF4B-00C04F79EFBC}") = "Tyuiu.chernyhim.Sprint1.Task2.V7.Lib", "Tyuiu.chernyhim.Sprint1.Task2.V7.Lib\Tyuiu.chernyhim.Sprint1.Task2.V7.Lib.csproj", "{D3853C28-5B14-47F2-A3AE-9611927AF589}"
EndProject
Project("{2150E333-8FDC-42A3-9474-1A3956D46DE8}") = "Task3", "Task3", "{8B8F436E-9E70-4E1F-96FE-D45C5843CE9B}"
EndProject
Project("{FAE04EC0-301F-11D3-BF4B-00C04F79EFBC}") = "Tyuiu.chernyhim.Sprint1.Task3.V19", "Tyuiu.chernyhim.Sprint1.Task3.V19\Tyuiu.chernyhim.Sprint1.Task3.V19.csproj", "{4CA899DC-89C4-4D71-B043-29BFF7F43F0A}"
EndProject
Project("{FAE04EC0-301F-11D3-BF4B-00C04F79EFBC}") = "Tyuiu.chernyhim.Sprint1.Task3.V19.Test", "Tyuiu.chernyhim.Sprint1.Task3.V19.Test\Tyuiu.chernyhim.Sprint1.Task3.V19.Test.csproj", "{D73CC382-6697-4323-B35B-5E0499F6D7F1}"
EndProject
Project("{FAE04EC0-301F-11D3-BF4B-00C04F79EFBC}") = "Tyuiu.chernyhim.Sprint1.Task3.V19.Lib", "Tyuiu.chernyhim.Sprint1.Task3.V19.Lib\Tyuiu.chernyhim.Sprint1.Task3.V19.Lib.csproj", "{E9F2CA90-5DEE-44A4-AF35-15930AA94D19}"
EndProject
Project("{2150E333-8FDC-42A3-9474-1A3956D46DE8}") = "Task4", "Task4", "{2EFF7BA7-00A8-4BE2-88F0-9617FF255D2B}"
EndProject
Project("{FAE04EC0-301F-11D3-BF4B-00C04F79EFBC}") = "Tyuiu.chernyhim.Sprint1.Task4.V20", "Tyuiu.chernyhim.Sprint1.Task4.V20\Tyuiu.chernyhim.Sprint1.Task4.V20.csproj", "{B94CA9BB-6C50-4EC1-AC17-4328C2216724}"
EndProject
Project("{FAE04EC0-301F-11D3-BF4B-00C04F79EFBC}") = "Tyuiu.chernyhim.Sprint1.Task4.V20.Lib", "Tyuiu.chernyhim.Sprint1.Task4.V20.Lib\Tyuiu.chernyhim.Sprint1.Task4.V20.Lib.csproj", "{F89548A6-1F9E-4320-89BA-7330CAE7E2B7}"
EndProject
Project("{FAE04EC0-301F-11D3-BF4B-00C04F79EFBC}") = "Tyuiu.chernyhim.Sprint1.Task4.V20.Test", "Tyuiu.chernyhim.Sprint1.Task4.V20.Test\Tyuiu.chernyhim.Sprint1.Task4.V20.Test.csproj", "{C4854C27-0A0C-4F7B-9AF7-74D92EFBC357}"
EndProject
Project("{2150E333-8FDC-42A3-9474-1A3956D46DE8}") = "Task5", "Task5", "{F2CDB426-1764-484F-B99B-040489E216DD}"
EndProject
Project("{FAE04EC0-301F-11D3-BF4B-00C04F79EFBC}") = "Tyuiu.chernyhim.Sprint1.Task5.V1", "Tyuiu.chernyhim.Sprint1.Task5.V1\Tyuiu.chernyhim.Sprint1.Task5.V1.csproj", "{4AC3D2A6-6971-459A-BEAD-6C65A9B985CA}"
EndProject
Project("{FAE04EC0-301F-11D3-BF4B-00C04F79EFBC}") = "Tyuiu.chernyhim.Sprint1.Task5.V1.Test", "Tyuiu.chernyhim.Sprint1.Task5.V1.Test\Tyuiu.chernyhim.Sprint1.Task5.V1.Test.csproj", "{941FC2B6-AD49-4640-8FC5-66394F8D5648}"
EndProject
Project("{FAE04EC0-301F-11D3-BF4B-00C04F79EFBC}") = "Tyuiu.chernyhim.Sprint1.Task5.V1.Lib", "Tyuiu.chernyhim.Sprint1.Task5.V1.Lib\Tyuiu.chernyhim.Sprint1.Task5.V1.Lib.csproj", "{59FDE5A7-D5E7-4062-8782-9B6C7CE376DA}"
EndProject
Project("{2150E333-8FDC-42A3-9474-1A3956D46DE8}") = "Task6", "Task6", "{C287969E-73B0-45D2-95D9-37AFBC6506F9}"
EndProject
Project("{FAE04EC0-301F-11D3-BF4B-00C04F79EFBC}") = "Tyuiu.chernyhim.Sprint1.Task6.V12", "Tyuiu.chernyhim.Sprint1.Task6.V12\Tyuiu.chernyhim.Sprint1.Task6.V12.csproj", "{400D539F-6B67-4F20-868D-B1E724D26DC3}"
EndProject
Project("{FAE04EC0-301F-11D3-BF4B-00C04F79EFBC}") = "Tyuiu.chernyhim.Sprint1.Task6.V12.Lib", "Tyuiu.chernyhim.Sprint1.Task6.V12.Lib\Tyuiu.chernyhim.Sprint1.Task6.V12.Lib.csproj", "{F5DC5856-287F-4817-AA64-8A13B5883365}"
EndProject
Project("{FAE04EC0-301F-11D3-BF4B-00C04F79EFBC}") = "Tyuiu.chernyhim.Sprint1.Task6.V12.Test", "Tyuiu.chernyhim.Sprint1.Task6.V12.Test\Tyuiu.chernyhim.Sprint1.Task6.V12.Test.csproj", "{4182DD8B-FFE2-4BC3-8E51-6D7FD523AE30}"
EndProject
Project("{2150E333-8FDC-42A3-9474-1A3956D46DE8}") = "Task7", "Task7", "{2D552694-6EF3-4378-BF2A-1AD7EA3CE81B}"
EndProject
Project("{FAE04EC0-301F-11D3-BF4B-00C04F79EFBC}") = "Tyuiu.chernyhim.Sprint1.Task7.V10", "Tyuiu.chernyhim.Sprint1.Task7.V10\Tyuiu.chernyhim.Sprint1.Task7.V10.csproj", "{93296DE3-C3B7-4655-9E1A-0D92E7DEF116}"
EndProject
Project("{FAE04EC0-301F-11D3-BF4B-00C04F79EFBC}") = "Tyuiu.chernyhim.Sprint1.Task7.V10.Lib", "Tyuiu.chernyhim.Sprint1.Task7.V10.Lib\Tyuiu.chernyhim.Sprint1.Task7.V10.Lib.csproj", "{E270136F-F28D-478A-842A-D0E0FDBB1E62}"
EndProject
Project("{FAE04EC0-301F-11D3-BF4B-00C04F79EFBC}") = "Tyuiu.chernyhim.Sprint1.Task7.V10.Test", "Tyuiu.chernyhim.Sprint1.Task7.V10.Test\Tyuiu.chernyhim.Sprint1.Task7.V10.Test.csproj", "{CF9A5255-1ED8-4EA6-ACBD-A4F02FF6FDC1}"
EndProject
Global
	GlobalSection(SolutionConfigurationPlatforms) = preSolution
		Debug|Any CPU = Debug|Any CPU
		Release|Any CPU = Release|Any CPU
	EndGlobalSection
	GlobalSection(ProjectConfigurationPlatforms) = postSolution
		{D56FB501-A647-4220-B3E0-3FF9B015DE3A}.Debug|Any CPU.ActiveCfg = Debug|Any CPU
		{D56FB501-A647-4220-B3E0-3FF9B015DE3A}.Debug|Any CPU.Build.0 = Debug|Any CPU
		{D56FB501-A647-4220-B3E0-3FF9B015DE3A}.Release|Any CPU.ActiveCfg = Release|Any CPU
		{D56FB501-A647-4220-B3E0-3FF9B015DE3A}.Release|Any CPU.Build.0 = Release|Any CPU
		{276BF02B-C379-4526-82F2-CCA970168229}.Debug|Any CPU.ActiveCfg = Debug|Any CPU
		{276BF02B-C379-4526-82F2-CCA970168229}.Debug|Any CPU.Build.0 = Debug|Any CPU
		{276BF02B-C379-4526-82F2-CCA970168229}.Release|Any CPU.ActiveCfg = Release|Any CPU
		{276BF02B-C379-4526-82F2-CCA970168229}.Release|Any CPU.Build.0 = Release|Any CPU
		{A02060D4-AB46-48F4-AD04-0BA5B7069487}.Debug|Any CPU.ActiveCfg = Debug|Any CPU
		{A02060D4-AB46-48F4-AD04-0BA5B7069487}.Debug|Any CPU.Build.0 = Debug|Any CPU
		{A02060D4-AB46-48F4-AD04-0BA5B7069487}.Release|Any CPU.ActiveCfg = Release|Any CPU
		{A02060D4-AB46-48F4-AD04-0BA5B7069487}.Release|Any CPU.Build.0 = Release|Any CPU
		{C2C45F80-D94B-4201-ABCD-DDB43870F348}.Debug|Any CPU.ActiveCfg = Debug|Any CPU
		{C2C45F80-D94B-4201-ABCD-DDB43870F348}.Debug|Any CPU.Build.0 = Debug|Any CPU
		{C2C45F80-D94B-4201-ABCD-DDB43870F348}.Release|Any CPU.ActiveCfg = Release|Any CPU
		{C2C45F80-D94B-4201-ABCD-DDB43870F348}.Release|Any CPU.Build.0 = Release|Any CPU
		{A95E2B66-BF9F-40C5-82F2-437E60D7D4DA}.Debug|Any CPU.ActiveCfg = Debug|Any CPU
		{A95E2B66-BF9F-40C5-82F2-437E60D7D4DA}.Debug|Any CPU.Build.0 = Debug|Any CPU
		{A95E2B66-BF9F-40C5-82F2-437E60D7D4DA}.Release|Any CPU.ActiveCfg = Release|Any CPU
		{A95E2B66-BF9F-40C5-82F2-437E60D7D4DA}.Release|Any CPU.Build.0 = Release|Any CPU
		{FA902CFF-E62D-4138-92D5-A9818B0BFCF0}.Debug|Any CPU.ActiveCfg = Debug|Any CPU
		{FA902CFF-E62D-4138-92D5-A9818B0BFCF0}.Debug|Any CPU.Build.0 = Debug|Any CPU
		{FA902CFF-E62D-4138-92D5-A9818B0BFCF0}.Release|Any CPU.ActiveCfg = Release|Any CPU
		{FA902CFF-E62D-4138-92D5-A9818B0BFCF0}.Release|Any CPU.Build.0 = Release|Any CPU
		{91E884F4-DF6C-4202-A627-9C0D52DA26D7}.Debug|Any CPU.ActiveCfg = Debug|Any CPU
		{91E884F4-DF6C-4202-A627-9C0D52DA26D7}.Debug|Any CPU.Build.0 = Debug|Any CPU
		{91E884F4-DF6C-4202-A627-9C0D52DA26D7}.Release|Any CPU.ActiveCfg = Release|Any CPU
		{91E884F4-DF6C-4202-A627-9C0D52DA26D7}.Release|Any CPU.Build.0 = Release|Any CPU
		{4B71F988-D6D2-4843-9DC1-3774D3A8E759}.Debug|Any CPU.ActiveCfg = Debug|Any CPU
		{4B71F988-D6D2-4843-9DC1-3774D3A8E759}.Debug|Any CPU.Build.0 = Debug|Any CPU
		{4B71F988-D6D2-4843-9DC1-3774D3A8E759}.Release|Any CPU.ActiveCfg = Release|Any CPU
		{4B71F988-D6D2-4843-9DC1-3774D3A8E759}.Release|Any CPU.Build.0 = Release|Any CPU
		{D3853C28-5B14-47F2-A3AE-9611927AF589}.Debug|Any CPU.ActiveCfg = Debug|Any CPU
		{D3853C28-5B14-47F2-A3AE-9611927AF589}.Debug|Any CPU.Build.0 = Debug|Any CPU
		{D3853C28-5B14-47F2-A3AE-9611927AF589}.Release|Any CPU.ActiveCfg = Release|Any CPU
		{D3853C28-5B14-47F2-A3AE-9611927AF589}.Release|Any CPU.Build.0 = Release|Any CPU
		{4CA899DC-89C4-4D71-B043-29BFF7F43F0A}.Debug|Any CPU.ActiveCfg = Debug|Any CPU
		{4CA899DC-89C4-4D71-B043-29BFF7F43F0A}.Debug|Any CPU.Build.0 = Debug|Any CPU
		{4CA899DC-89C4-4D71-B043-29BFF7F43F0A}.Release|Any CPU.ActiveCfg = Release|Any CPU
		{4CA899DC-89C4-4D71-B043-29BFF7F43F0A}.Release|Any CPU.Build.0 = Release|Any CPU
		{D73CC382-6697-4323-B35B-5E0499F6D7F1}.Debug|Any CPU.ActiveCfg = Debug|Any CPU
		{D73CC382-6697-4323-B35B-5E0499F6D7F1}.Debug|Any CPU.Build.0 = Debug|Any CPU
		{D73CC382-6697-4323-B35B-5E0499F6D7F1}.Release|Any CPU.ActiveCfg = Release|Any CPU
		{D73CC382-6697-4323-B35B-5E0499F6D7F1}.Release|Any CPU.Build.0 = Release|Any CPU
		{E9F2CA90-5DEE-44A4-AF35-15930AA94D19}.Debug|Any CPU.ActiveCfg = Debug|Any CPU
		{E9F2CA90-5DEE-44A4-AF35-15930AA94D19}.Debug|Any CPU.Build.0 = Debug|Any CPU
		{E9F2CA90-5DEE-44A4-AF35-15930AA94D19}.Release|Any CPU.ActiveCfg = Release|Any CPU
		{E9F2CA90-5DEE-44A4-AF35-15930AA94D19}.Release|Any CPU.Build.0 = Release|Any CPU
		{B94CA9BB-6C50-4EC1-AC17-4328C2216724}.Debug|Any CPU.ActiveCfg = Debug|Any CPU
		{B94CA9BB-6C50-4EC1-AC17-4328C2216724}.Debug|Any CPU.Build.0 = Debug|Any CPU
		{B94CA9BB-6C50-4EC1-AC17-4328C2216724}.Release|Any CPU.ActiveCfg = Release|Any CPU
		{B94CA9BB-6C50-4EC1-AC17-4328C2216724}.Release|Any CPU.Build.0 = Release|Any CPU
		{F89548A6-1F9E-4320-89BA-7330CAE7E2B7}.Debug|Any CPU.ActiveCfg = Debug|Any CPU
		{F89548A6-1F9E-4320-89BA-7330CAE7E2B7}.Debug|Any CPU.Build.0 = Debug|Any CPU
		{F89548A6-1F9E-4320-89BA-7330CAE7E2B7}.Release|Any CPU.ActiveCfg = Release|Any CPU
		{F89548A6-1F9E-4320-89BA-7330CAE7E2B7}.Release|Any CPU.Build.0 = Release|Any CPU
		{C4854C27-0A0C-4F7B-9AF7-74D92EFBC357}.Debug|Any CPU.ActiveCfg = Debug|Any CPU
		{C4854C27-0A0C-4F7B-9AF7-74D92EFBC357}.Debug|Any CPU.Build.0 = Debug|Any CPU
		{C4854C27-0A0C-4F7B-9AF7-74D92EFBC357}.Release|Any CPU.ActiveCfg = Release|Any CPU
		{C4854C27-0A0C-4F7B-9AF7-74D92EFBC357}.Release|Any CPU.Build.0 = Release|Any CPU
		{4AC3D2A6-6971-459A-BEAD-6C65A9B985CA}.Debug|Any CPU.ActiveCfg = Debug|Any CPU
		{4AC3D2A6-6971-459A-BEAD-6C65A9B985CA}.Debug|Any CPU.Build.0 = Debug|Any CPU
		{4AC3D2A6-6971-459A-BEAD-6C65A9B985CA}.Release|Any CPU.ActiveCfg = Release|Any CPU
		{4AC3D2A6-6971-459A-BEAD-6C65A9B985CA}.Release|Any CPU.Build.0 = Release|Any CPU
		{941FC2B6-AD49-4640-8FC5-66394F8D5648}.Debug|Any CPU.ActiveCfg = Debug|Any CPU
		{941FC2B6-AD49-4640-8FC5-66394F8D5648}.Debug|Any CPU.Build.0 = Debug|Any CPU
		{941FC2B6-AD49-4640-8FC5-66394F8D5648}.Release|Any CPU.ActiveCfg = Release|Any CPU
		{941FC2B6-AD49-4640-8FC5-66394F8D5648}.Release|Any CPU.Build.0 = Release|Any CPU
		{59FDE5A7-D5E7-4062-8782-9B6C7CE376DA}.Debug|Any CPU.ActiveCfg = Debug|Any CPU
		{59FDE5A7-D5E7-4062-8782-9B6C7CE376DA}.Debug|Any CPU.Build.0 = Debug|Any CPU
		{59FDE5A7-D5E7-4062-8782-9B6C7CE376DA}.Release|Any CPU.ActiveCfg = Release|Any CPU
		{59FDE5A7-D5E7-4062-8782-9B6C7CE376DA}.Release|Any CPU.Build.0 = Release|Any CPU
		{400D539F-6B67-4F20-868D-B1E724D26DC3}.Debug|Any CPU.ActiveCfg = Debug|Any CPU
		{400D539F-6B67-4F20-868D-B1E724D26DC3}.Debug|Any CPU.Build.0 = Debug|Any CPU
		{400D539F-6B67-4F20-868D-B1E724D26DC3}.Release|Any CPU.ActiveCfg = Release|Any CPU
		{400D539F-6B67-4F20-868D-B1E724D26DC3}.Release|Any CPU.Build.0 = Release|Any CPU
		{F5DC5856-287F-4817-AA64-8A13B5883365}.Debug|Any CPU.ActiveCfg = Debug|Any CPU
		{F5DC5856-287F-4817-AA64-8A13B5883365}.Debug|Any CPU.Build.0 = Debug|Any CPU
		{F5DC5856-287F-4817-AA64-8A13B5883365}.Release|Any CPU.ActiveCfg = Release|Any CPU
		{F5DC5856-287F-4817-AA64-8A13B5883365}.Release|Any CPU.Build.0 = Release|Any CPU
		{4182DD8B-FFE2-4BC3-8E51-6D7FD523AE30}.Debug|Any CPU.ActiveCfg = Debug|Any CPU
		{4182DD8B-FFE2-4BC3-8E51-6D7FD523AE30}.Debug|Any CPU.Build.0 = Debug|Any CPU
		{4182DD8B-FFE2-4BC3-8E51-6D7FD523AE30}.Release|Any CPU.ActiveCfg = Release|Any CPU
		{4182DD8B-FFE2-4BC3-8E51-6D7FD523AE30}.Release|Any CPU.Build.0 = Release|Any CPU
		{93296DE3-C3B7-4655-9E1A-0D92E7DEF116}.Debug|Any CPU.ActiveCfg = Debug|Any CPU
		{93296DE3-C3B7-4655-9E1A-0D92E7DEF116}.Debug|Any CPU.Build.0 = Debug|Any CPU
		{93296DE3-C3B7-4655-9E1A-0D92E7DEF116}.Release|Any CPU.ActiveCfg = Release|Any CPU
		{93296DE3-C3B7-4655-9E1A-0D92E7DEF116}.Release|Any CPU.Build.0 = Release|Any CPU
		{E270136F-F28D-478A-842A-D0E0FDBB1E62}.Debug|Any CPU.ActiveCfg = Debug|Any CPU
		{E270136F-F28D-478A-842A-D0E0FDBB1E62}.Debug|Any CPU.Build.0 = Debug|Any CPU
		{E270136F-F28D-478A-842A-D0E0FDBB1E62}.Release|Any CPU.ActiveCfg = Release|Any CPU
		{E270136F-F28D-478A-842A-D0E0FDBB1E62}.Release|Any CPU.Build.0 = Release|Any CPU
		{CF9A5255-1ED8-4EA6-ACBD-A4F02FF6FDC1}.Debug|Any CPU.ActiveCfg = Debug|Any CPU
		{CF9A5255-1ED8-4EA6-ACBD-A4F02FF6FDC1}.Debug|Any CPU.Build.0 = Debug|Any CPU
		{CF9A5255-1ED8-4EA6-ACBD-A4F02FF6FDC1}.Release|Any CPU.ActiveCfg = Release|Any CPU
		{CF9A5255-1ED8-4EA6-ACBD-A4F02FF6FDC1}.Release|Any CPU.Build.0 = Release|Any CPU
	EndGlobalSection
	GlobalSection(SolutionProperties) = preSolution
		HideSolutionNode = FALSE
	EndGlobalSection
	GlobalSection(NestedProjects) = preSolution
		{D56FB501-A647-4220-B3E0-3FF9B015DE3A} = {02EA681E-C7D8-13C7-8484-4AC65E1B71E8}
		{276BF02B-C379-4526-82F2-CCA970168229} = {02EA681E-C7D8-13C7-8484-4AC65E1B71E8}
		{A02060D4-AB46-48F4-AD04-0BA5B7069487} = {02EA681E-C7D8-13C7-8484-4AC65E1B71E8}
		{C2C45F80-D94B-4201-ABCD-DDB43870F348} = {6C719829-A576-44E9-8C5A-F14D1656D47C}
		{A95E2B66-BF9F-40C5-82F2-437E60D7D4DA} = {6C719829-A576-44E9-8C5A-F14D1656D47C}
		{FA902CFF-E62D-4138-92D5-A9818B0BFCF0} = {6C719829-A576-44E9-8C5A-F14D1656D47C}
		{91E884F4-DF6C-4202-A627-9C0D52DA26D7} = {A76D990F-09DB-49FA-8DAE-39086D3C6963}
		{4B71F988-D6D2-4843-9DC1-3774D3A8E759} = {A76D990F-09DB-49FA-8DAE-39086D3C6963}
		{D3853C28-5B14-47F2-A3AE-9611927AF589} = {A76D990F-09DB-49FA-8DAE-39086D3C6963}
		{4CA899DC-89C4-4D71-B043-29BFF7F43F0A} = {8B8F436E-9E70-4E1F-96FE-D45C5843CE9B}
		{D73CC382-6697-4323-B35B-5E0499F6D7F1} = {8B8F436E-9E70-4E1F-96FE-D45C5843CE9B}
		{E9F2CA90-5DEE-44A4-AF35-15930AA94D19} = {8B8F436E-9E70-4E1F-96FE-D45C5843CE9B}
		{B94CA9BB-6C50-4EC1-AC17-4328C2216724} = {2EFF7BA7-00A8-4BE2-88F0-9617FF255D2B}
		{F89548A6-1F9E-4320-89BA-7330CAE7E2B7} = {2EFF7BA7-00A8-4BE2-88F0-9617FF255D2B}
		{C4854C27-0A0C-4F7B-9AF7-74D92EFBC357} = {2EFF7BA7-00A8-4BE2-88F0-9617FF255D2B}
		{4AC3D2A6-6971-459A-BEAD-6C65A9B985CA} = {F2CDB426-1764-484F-B99B-040489E216DD}
		{941FC2B6-AD49-4640-8FC5-66394F8D5648} = {F2CDB426-1764-484F-B99B-040489E216DD}
		{59FDE5A7-D5E7-4062-8782-9B6C7CE376DA} = {F2CDB426-1764-484F-B99B-040489E216DD}
		{400D539F-6B67-4F20-868D-B1E724D26DC3} = {C287969E-73B0-45D2-95D9-37AFBC6506F9}
		{F5DC5856-287F-4817-AA64-8A13B5883365} = {C287969E-73B0-45D2-95D9-37AFBC6506F9}
		{4182DD8B-FFE2-4BC3-8E51-6D7FD523AE30} = {C287969E-73B0-45D2-95D9-37AFBC6506F9}
		{93296DE3-C3B7-4655-9E1A-0D92E7DEF116} = {2D552694-6EF3-4378-BF2A-1AD7EA3CE81B}
		{E270136F-F28D-478A-842A-D0E0FDBB1E62} = {2D552694-6EF3-4378-BF2A-1AD7EA3CE81B}
		{CF9A5255-1ED8-4EA6-ACBD-A4F02FF6FDC1} = {2D552694-6EF3-4378-BF2A-1AD7EA3CE81B}
	EndGlobalSection
	GlobalSection(ExtensibilityGlobals) = postSolution
		SolutionGuid = {56B74B89-2B8C-4AE7-AEB3-29BE598F9A01}
	EndGlobalSection
EndGlobal
